// !$*UTF8*$!
{
	archiveVersion = 1;
	classes = {
	};
	objectVersion = 50;
	objects = {

/* Begin PBXBuildFile section */
		7602F3A7221D56D600B6D451 /* AppDelegate.swift in Sources */ = {isa = PBXBuildFile; fileRef = 7602F3A6221D56D600B6D451 /* AppDelegate.swift */; };
		7602F3A9221D56D600B6D451 /* ViewController.swift in Sources */ = {isa = PBXBuildFile; fileRef = 7602F3A8221D56D600B6D451 /* ViewController.swift */; };
		7602F3AC221D56D600B6D451 /* Main.storyboard in Resources */ = {isa = PBXBuildFile; fileRef = 7602F3AA221D56D600B6D451 /* Main.storyboard */; };
		7602F3AE221D56D600B6D451 /* Assets.xcassets in Resources */ = {isa = PBXBuildFile; fileRef = 7602F3AD221D56D600B6D451 /* Assets.xcassets */; };
		7602F3B1221D56D600B6D451 /* LaunchScreen.storyboard in Resources */ = {isa = PBXBuildFile; fileRef = 7602F3AF221D56D600B6D451 /* LaunchScreen.storyboard */; };
		7602F3BC221D56D600B6D451 /* AudioPlayerTests.swift in Sources */ = {isa = PBXBuildFile; fileRef = 7602F3BB221D56D600B6D451 /* AudioPlayerTests.swift */; };
		7602F3C7221D56D600B6D451 /* AudioPlayerUITests.swift in Sources */ = {isa = PBXBuildFile; fileRef = 7602F3C6221D56D600B6D451 /* AudioPlayerUITests.swift */; };
/* End PBXBuildFile section */

/* Begin PBXContainerItemProxy section */
		7602F3B8221D56D600B6D451 /* PBXContainerItemProxy */ = {
			isa = PBXContainerItemProxy;
			containerPortal = 7602F39B221D56D600B6D451 /* Project object */;
			proxyType = 1;
			remoteGlobalIDString = 7602F3A2221D56D600B6D451;
			remoteInfo = AudioPlayer;
		};
		7602F3C3221D56D600B6D451 /* PBXContainerItemProxy */ = {
			isa = PBXContainerItemProxy;
			containerPortal = 7602F39B221D56D600B6D451 /* Project object */;
			proxyType = 1;
			remoteGlobalIDString = 7602F3A2221D56D600B6D451;
			remoteInfo = AudioPlayer;
		};
/* End PBXContainerItemProxy section */

/* Begin PBXFileReference section */
		7602F3A3221D56D600B6D451 /* AudioPlayer.app */ = {isa = PBXFileReference; explicitFileType = wrapper.application; includeInIndex = 0; path = AudioPlayer.app; sourceTree = BUILT_PRODUCTS_DIR; };
		7602F3A6221D56D600B6D451 /* AppDelegate.swift */ = {isa = PBXFileReference; lastKnownFileType = sourcecode.swift; path = AppDelegate.swift; sourceTree = "<group>"; };
		7602F3A8221D56D600B6D451 /* ViewController.swift */ = {isa = PBXFileReference; lastKnownFileType = sourcecode.swift; path = ViewController.swift; sourceTree = "<group>"; };
		7602F3AB221D56D600B6D451 /* Base */ = {isa = PBXFileReference; lastKnownFileType = file.storyboard; name = Base; path = Base.lproj/Main.storyboard; sourceTree = "<group>"; };
		7602F3AD221D56D600B6D451 /* Assets.xcassets */ = {isa = PBXFileReference; lastKnownFileType = folder.assetcatalog; path = Assets.xcassets; sourceTree = "<group>"; };
		7602F3B0221D56D600B6D451 /* Base */ = {isa = PBXFileReference; lastKnownFileType = file.storyboard; name = Base; path = Base.lproj/LaunchScreen.storyboard; sourceTree = "<group>"; };
		7602F3B2221D56D600B6D451 /* Info.plist */ = {isa = PBXFileReference; lastKnownFileType = text.plist.xml; path = Info.plist; sourceTree = "<group>"; };
		7602F3B7221D56D600B6D451 /* AudioPlayerTests.xctest */ = {isa = PBXFileReference; explicitFileType = wrapper.cfbundle; includeInIndex = 0; path = AudioPlayerTests.xctest; sourceTree = BUILT_PRODUCTS_DIR; };
		7602F3BB221D56D600B6D451 /* AudioPlayerTests.swift */ = {isa = PBXFileReference; lastKnownFileType = sourcecode.swift; path = AudioPlayerTests.swift; sourceTree = "<group>"; };
		7602F3BD221D56D600B6D451 /* Info.plist */ = {isa = PBXFileReference; lastKnownFileType = text.plist.xml; path = Info.plist; sourceTree = "<group>"; };
		7602F3C2221D56D600B6D451 /* AudioPlayerUITests.xctest */ = {isa = PBXFileReference; explicitFileType = wrapper.cfbundle; includeInIndex = 0; path = AudioPlayerUITests.xctest; sourceTree = BUILT_PRODUCTS_DIR; };
		7602F3C6221D56D600B6D451 /* AudioPlayerUITests.swift */ = {isa = PBXFileReference; lastKnownFileType = sourcecode.swift; path = AudioPlayerUITests.swift; sourceTree = "<group>"; };
		7602F3C8221D56D600B6D451 /* Info.plist */ = {isa = PBXFileReference; lastKnownFileType = text.plist.xml; path = Info.plist; sourceTree = "<group>"; };
/* End PBXFileReference section */

/* Begin PBXFrameworksBuildPhase section */
		7602F3A0221D56D600B6D451 /* Frameworks */ = {
			isa = PBXFrameworksBuildPhase;
			buildActionMask = 2147483647;
			files = (
			);
			runOnlyForDeploymentPostprocessing = 0;
		};
		7602F3B4221D56D600B6D451 /* Frameworks */ = {
			isa = PBXFrameworksBuildPhase;
			buildActionMask = 2147483647;
			files = (
			);
			runOnlyForDeploymentPostprocessing = 0;
		};
		7602F3BF221D56D600B6D451 /* Frameworks */ = {
			isa = PBXFrameworksBuildPhase;
			buildActionMask = 2147483647;
			files = (
			);
			runOnlyForDeploymentPostprocessing = 0;
		};
/* End PBXFrameworksBuildPhase section */

/* Begin PBXGroup section */
		7602F39A221D56D600B6D451 = {
			isa = PBXGroup;
			children = (
				7602F3A5221D56D600B6D451 /* AudioPlayer */,
				7602F3BA221D56D600B6D451 /* AudioPlayerTests */,
				7602F3C5221D56D600B6D451 /* AudioPlayerUITests */,
				7602F3A4221D56D600B6D451 /* Products */,
			);
			sourceTree = "<group>";
		};
		7602F3A4221D56D600B6D451 /* Products */ = {
			isa = PBXGroup;
			children = (
				7602F3A3221D56D600B6D451 /* AudioPlayer.app */,
				7602F3B7221D56D600B6D451 /* AudioPlayerTests.xctest */,
				7602F3C2221D56D600B6D451 /* AudioPlayerUITests.xctest */,
			);
			name = Products;
			sourceTree = "<group>";
		};
		7602F3A5221D56D600B6D451 /* AudioPlayer */ = {
			isa = PBXGroup;
			children = (
				7602F3A6221D56D600B6D451 /* AppDelegate.swift */,
				7602F3A8221D56D600B6D451 /* ViewController.swift */,
				7602F3AA221D56D600B6D451 /* Main.storyboard */,
				7602F3AD221D56D600B6D451 /* Assets.xcassets */,
				7602F3AF221D56D600B6D451 /* LaunchScreen.storyboard */,
				7602F3B2221D56D600B6D451 /* Info.plist */,
			);
			path = AudioPlayer;
			sourceTree = "<group>";
		};
		7602F3BA221D56D600B6D451 /* AudioPlayerTests */ = {
			isa = PBXGroup;
			children = (
				7602F3BB221D56D600B6D451 /* AudioPlayerTests.swift */,
				7602F3BD221D56D600B6D451 /* Info.plist */,
			);
			path = AudioPlayerTests;
			sourceTree = "<group>";
		};
		7602F3C5221D56D600B6D451 /* AudioPlayerUITests */ = {
			isa = PBXGroup;
			children = (
				7602F3C6221D56D600B6D451 /* AudioPlayerUITests.swift */,
				7602F3C8221D56D600B6D451 /* Info.plist */,
			);
			path = AudioPlayerUITests;
			sourceTree = "<group>";
		};
/* End PBXGroup section */

/* Begin PBXNativeTarget section */
		7602F3A2221D56D600B6D451 /* AudioPlayer */ = {
			isa = PBXNativeTarget;
			buildConfigurationList = 7602F3CB221D56D600B6D451 /* Build configuration list for PBXNativeTarget "AudioPlayer" */;
			buildPhases = (
				7602F39F221D56D600B6D451 /* Sources */,
				7602F3A0221D56D600B6D451 /* Frameworks */,
				7602F3A1221D56D600B6D451 /* Resources */,
			);
			buildRules = (
			);
			dependencies = (
			);
			name = AudioPlayer;
			productName = AudioPlayer;
			productReference = 7602F3A3221D56D600B6D451 /* AudioPlayer.app */;
			productType = "com.apple.product-type.application";
		};
		7602F3B6221D56D600B6D451 /* AudioPlayerTests */ = {
			isa = PBXNativeTarget;
			buildConfigurationList = 7602F3CE221D56D600B6D451 /* Build configuration list for PBXNativeTarget "AudioPlayerTests" */;
			buildPhases = (
				7602F3B3221D56D600B6D451 /* Sources */,
				7602F3B4221D56D600B6D451 /* Frameworks */,
				7602F3B5221D56D600B6D451 /* Resources */,
			);
			buildRules = (
			);
			dependencies = (
				7602F3B9221D56D600B6D451 /* PBXTargetDependency */,
			);
			name = AudioPlayerTests;
			productName = AudioPlayerTests;
			productReference = 7602F3B7221D56D600B6D451 /* AudioPlayerTests.xctest */;
			productType = "com.apple.product-type.bundle.unit-test";
		};
		7602F3C1221D56D600B6D451 /* AudioPlayerUITests */ = {
			isa = PBXNativeTarget;
			buildConfigurationList = 7602F3D1221D56D600B6D451 /* Build configuration list for PBXNativeTarget "AudioPlayerUITests" */;
			buildPhases = (
				7602F3BE221D56D600B6D451 /* Sources */,
				7602F3BF221D56D600B6D451 /* Frameworks */,
				7602F3C0221D56D600B6D451 /* Resources */,
			);
			buildRules = (
			);
			dependencies = (
				7602F3C4221D56D600B6D451 /* PBXTargetDependency */,
			);
			name = AudioPlayerUITests;
			productName = AudioPlayerUITests;
			productReference = 7602F3C2221D56D600B6D451 /* AudioPlayerUITests.xctest */;
			productType = "com.apple.product-type.bundle.ui-testing";
		};
/* End PBXNativeTarget section */

/* Begin PBXProject section */
		7602F39B221D56D600B6D451 /* Project object */ = {
			isa = PBXProject;
			attributes = {
				LastSwiftUpdateCheck = 1010;
				LastUpgradeCheck = 1010;
				ORGANIZATIONNAME = "Gladston Joseph";
				TargetAttributes = {
					7602F3A2221D56D600B6D451 = {
						CreatedOnToolsVersion = 10.1;
					};
					7602F3B6221D56D600B6D451 = {
						CreatedOnToolsVersion = 10.1;
						TestTargetID = 7602F3A2221D56D600B6D451;
					};
					7602F3C1221D56D600B6D451 = {
						CreatedOnToolsVersion = 10.1;
						TestTargetID = 7602F3A2221D56D600B6D451;
					};
				};
			};
			buildConfigurationList = 7602F39E221D56D600B6D451 /* Build configuration list for PBXProject "AudioPlayer" */;
			compatibilityVersion = "Xcode 9.3";
			developmentRegion = en;
			hasScannedForEncodings = 0;
			knownRegions = (
				en,
				Base,
			);
			mainGroup = 7602F39A221D56D600B6D451;
			productRefGroup = 7602F3A4221D56D600B6D451 /* Products */;
			projectDirPath = "";
			projectRoot = "";
			targets = (
				7602F3A2221D56D600B6D451 /* AudioPlayer */,
				7602F3B6221D56D600B6D451 /* AudioPlayerTests */,
				7602F3C1221D56D600B6D451 /* AudioPlayerUITests */,
			);
		};
/* End PBXProject section */

/* Begin PBXResourcesBuildPhase section */
		7602F3A1221D56D600B6D451 /* Resources */ = {
			isa = PBXResourcesBuildPhase;
			buildActionMask = 2147483647;
			files = (
				7602F3B1221D56D600B6D451 /* LaunchScreen.storyboard in Resources */,
				7602F3AE221D56D600B6D451 /* Assets.xcassets in Resources */,
				7602F3AC221D56D600B6D451 /* Main.storyboard in Resources */,
			);
			runOnlyForDeploymentPostprocessing = 0;
		};
		7602F3B5221D56D600B6D451 /* Resources */ = {
			isa = PBXResourcesBuildPhase;
			buildActionMask = 2147483647;
			files = (
			);
			runOnlyForDeploymentPostprocessing = 0;
		};
		7602F3C0221D56D600B6D451 /* Resources */ = {
			isa = PBXResourcesBuildPhase;
			buildActionMask = 2147483647;
			files = (
			);
			runOnlyForDeploymentPostprocessing = 0;
		};
/* End PBXResourcesBuildPhase section */

/* Begin PBXSourcesBuildPhase section */
		7602F39F221D56D600B6D451 /* Sources */ = {
			isa = PBXSourcesBuildPhase;
			buildActionMask = 2147483647;
			files = (
				7602F3A9221D56D600B6D451 /* ViewController.swift in Sources */,
				7602F3A7221D56D600B6D451 /* AppDelegate.swift in Sources */,
			);
			runOnlyForDeploymentPostprocessing = 0;
		};
		7602F3B3221D56D600B6D451 /* Sources */ = {
			isa = PBXSourcesBuildPhase;
			buildActionMask = 2147483647;
			files = (
				7602F3BC221D56D600B6D451 /* AudioPlayerTests.swift in Sources */,
			);
			runOnlyForDeploymentPostprocessing = 0;
		};
		7602F3BE221D56D600B6D451 /* Sources */ = {
			isa = PBXSourcesBuildPhase;
			buildActionMask = 2147483647;
			files = (
				7602F3C7221D56D600B6D451 /* AudioPlayerUITests.swift in Sources */,
			);
			runOnlyForDeploymentPostprocessing = 0;
		};
/* End PBXSourcesBuildPhase section */

/* Begin PBXTargetDependency section */
		7602F3B9221D56D600B6D451 /* PBXTargetDependency */ = {
			isa = PBXTargetDependency;
			target = 7602F3A2221D56D600B6D451 /* AudioPlayer */;
			targetProxy = 7602F3B8221D56D600B6D451 /* PBXContainerItemProxy */;
		};
		7602F3C4221D56D600B6D451 /* PBXTargetDependency */ = {
			isa = PBXTargetDependency;
			target = 7602F3A2221D56D600B6D451 /* AudioPlayer */;
			targetProxy = 7602F3C3221D56D600B6D451 /* PBXContainerItemProxy */;
		};
/* End PBXTargetDependency section */

/* Begin PBXVariantGroup section */
		7602F3AA221D56D600B6D451 /* Main.storyboard */ = {
			isa = PBXVariantGroup;
			children = (
				7602F3AB221D56D600B6D451 /* Base */,
			);
			name = Main.storyboard;
			sourceTree = "<group>";
		};
		7602F3AF221D56D600B6D451 /* LaunchScreen.storyboard */ = {
			isa = PBXVariantGroup;
			children = (
				7602F3B0221D56D600B6D451 /* Base */,
			);
			name = LaunchScreen.storyboard;
			sourceTree = "<group>";
		};
/* End PBXVariantGroup section */

/* Begin XCBuildConfiguration section */
		7602F3C9221D56D600B6D451 /* Debug */ = {
			isa = XCBuildConfiguration;
			buildSettings = {
				ALWAYS_SEARCH_USER_PATHS = NO;
				CLANG_ANALYZER_NONNULL = YES;
				CLANG_ANALYZER_NUMBER_OBJECT_CONVERSION = YES_AGGRESSIVE;
				CLANG_CXX_LANGUAGE_STANDARD = "gnu++14";
				CLANG_CXX_LIBRARY = "libc++";
				CLANG_ENABLE_MODULES = YES;
				CLANG_ENABLE_OBJC_ARC = YES;
				CLANG_ENABLE_OBJC_WEAK = YES;
				CLANG_WARN_BLOCK_CAPTURE_AUTORELEASING = YES;
				CLANG_WARN_BOOL_CONVERSION = YES;
				CLANG_WARN_COMMA = YES;
				CLANG_WARN_CONSTANT_CONVERSION = YES;
				CLANG_WARN_DEPRECATED_OBJC_IMPLEMENTATIONS = YES;
				CLANG_WARN_DIRECT_OBJC_ISA_USAGE = YES_ERROR;
				CLANG_WARN_DOCUMENTATION_COMMENTS = YES;
				CLANG_WARN_EMPTY_BODY = YES;
				CLANG_WARN_ENUM_CONVERSION = YES;
				CLANG_WARN_INFINITE_RECURSION = YES;
				CLANG_WARN_INT_CONVERSION = YES;
				CLANG_WARN_NON_LITERAL_NULL_CONVERSION = YES;
				CLANG_WARN_OBJC_IMPLICIT_RETAIN_SELF = YES;
				CLANG_WARN_OBJC_LITERAL_CONVERSION = YES;
				CLANG_WARN_OBJC_ROOT_CLASS = YES_ERROR;
				CLANG_WARN_RANGE_LOOP_ANALYSIS = YES;
				CLANG_WARN_STRICT_PROTOTYPES = YES;
				CLANG_WARN_SUSPICIOUS_MOVE = YES;
				CLANG_WARN_UNGUARDED_AVAILABILITY = YES_AGGRESSIVE;
				CLANG_WARN_UNREACHABLE_CODE = YES;
				CLANG_WARN__DUPLICATE_METHOD_MATCH = YES;
				CODE_SIGN_IDENTITY = "iPhone Developer";
				COPY_PHASE_STRIP = NO;
				DEBUG_INFORMATION_FORMAT = dwarf;
				ENABLE_STRICT_OBJC_MSGSEND = YES;
				ENABLE_TESTABILITY = YES;
				GCC_C_LANGUAGE_STANDARD = gnu11;
				GCC_DYNAMIC_NO_PIC = NO;
				GCC_NO_COMMON_BLOCKS = YES;
				GCC_OPTIMIZATION_LEVEL = 0;
				GCC_PREPROCESSOR_DEFINITIONS = (
					"DEBUG=1",
					"$(inherited)",
				);
				GCC_WARN_64_TO_32_BIT_CONVERSION = YES;
				GCC_WARN_ABOUT_RETURN_TYPE = YES_ERROR;
				GCC_WARN_UNDECLARED_SELECTOR = YES;
				GCC_WARN_UNINITIALIZED_AUTOS = YES_AGGRESSIVE;
				GCC_WARN_UNUSED_FUNCTION = YES;
				GCC_WARN_UNUSED_VARIABLE = YES;
				IPHONEOS_DEPLOYMENT_TARGET = 12.1;
				MTL_ENABLE_DEBUG_INFO = INCLUDE_SOURCE;
				MTL_FAST_MATH = YES;
				ONLY_ACTIVE_ARCH = YES;
				SDKROOT = iphoneos;
				SWIFT_ACTIVE_COMPILATION_CONDITIONS = DEBUG;
				SWIFT_OPTIMIZATION_LEVEL = "-Onone";
			};
			name = Debug;
		};
		7602F3CA221D56D600B6D451 /* Release */ = {
			isa = XCBuildConfiguration;
			buildSettings = {
				ALWAYS_SEARCH_USER_PATHS = NO;
				CLANG_ANALYZER_NONNULL = YES;
				CLANG_ANALYZER_NUMBER_OBJECT_CONVERSION = YES_AGGRESSIVE;
				CLANG_CXX_LANGUAGE_STANDARD = "gnu++14";
				CLANG_CXX_LIBRARY = "libc++";
				CLANG_ENABLE_MODULES = YES;
				CLANG_ENABLE_OBJC_ARC = YES;
				CLANG_ENABLE_OBJC_WEAK = YES;
				CLANG_WARN_BLOCK_CAPTURE_AUTORELEASING = YES;
				CLANG_WARN_BOOL_CONVERSION = YES;
				CLANG_WARN_COMMA = YES;
				CLANG_WARN_CONSTANT_CONVERSION = YES;
				CLANG_WARN_DEPRECATED_OBJC_IMPLEMENTATIONS = YES;
				CLANG_WARN_DIRECT_OBJC_ISA_USAGE = YES_ERROR;
				CLANG_WARN_DOCUMENTATION_COMMENTS = YES;
				CLANG_WARN_EMPTY_BODY = YES;
				CLANG_WARN_ENUM_CONVERSION = YES;
				CLANG_WARN_INFINITE_RECURSION = YES;
				CLANG_WARN_INT_CONVERSION = YES;
				CLANG_WARN_NON_LITERAL_NULL_CONVERSION = YES;
				CLANG_WARN_OBJC_IMPLICIT_RETAIN_SELF = YES;
				CLANG_WARN_OBJC_LITERAL_CONVERSION = YES;
				CLANG_WARN_OBJC_ROOT_CLASS = YES_ERROR;
				CLANG_WARN_RANGE_LOOP_ANALYSIS = YES;
				CLANG_WARN_STRICT_PROTOTYPES = YES;
				CLANG_WARN_SUSPICIOUS_MOVE = YES;
				CLANG_WARN_UNGUARDED_AVAILABILITY = YES_AGGRESSIVE;
				CLANG_WARN_UNREACHABLE_CODE = YES;
				CLANG_WARN__DUPLICATE_METHOD_MATCH = YES;
				CODE_SIGN_IDENTITY = "iPhone Developer";
				COPY_PHASE_STRIP = NO;
				DEBUG_INFORMATION_FORMAT = "dwarf-with-dsym";
				ENABLE_NS_ASSERTIONS = NO;
				ENABLE_STRICT_OBJC_MSGSEND = YES;
				GCC_C_LANGUAGE_STANDARD = gnu11;
				GCC_NO_COMMON_BLOCKS = YES;
				GCC_WARN_64_TO_32_BIT_CONVERSION = YES;
				GCC_WARN_ABOUT_RETURN_TYPE = YES_ERROR;
				GCC_WARN_UNDECLARED_SELECTOR = YES;
				GCC_WARN_UNINITIALIZED_AUTOS = YES_AGGRESSIVE;
				GCC_WARN_UNUSED_FUNCTION = YES;
				GCC_WARN_UNUSED_VARIABLE = YES;
				IPHONEOS_DEPLOYMENT_TARGET = 12.1;
				MTL_ENABLE_DEBUG_INFO = NO;
				MTL_FAST_MATH = YES;
				SDKROOT = iphoneos;
				SWIFT_COMPILATION_MODE = wholemodule;
				SWIFT_OPTIMIZATION_LEVEL = "-O";
				VALIDATE_PRODUCT = YES;
			};
			name = Release;
		};
		7602F3CC221D56D600B6D451 /* Debug */ = {
			isa = XCBuildConfiguration;
			buildSettings = {
				ASSETCATALOG_COMPILER_APPICON_NAME = AppIcon;
				CODE_SIGN_STYLE = Automatic;
				DEVELOPMENT_TEAM = 55UNRMT6U5;
				INFOPLIST_FILE = AudioPlayer/Info.plist;
				LD_RUNPATH_SEARCH_PATHS = (
					"$(inherited)",
					"@executable_path/Frameworks",
				);
				PRODUCT_BUNDLE_IDENTIFIER = com.Gladston.AudioPlayer;
				PRODUCT_NAME = "$(TARGET_NAME)";
				SWIFT_VERSION = 4.2;
				TARGETED_DEVICE_FAMILY = "1,2";
			};
			name = Debug;
		};
		7602F3CD221D56D600B6D451 /* Release */ = {
			isa = XCBuildConfiguration;
			buildSettings = {
				ASSETCATALOG_COMPILER_APPICON_NAME = AppIcon;
				CODE_SIGN_STYLE = Automatic;
				DEVELOPMENT_TEAM = 55UNRMT6U5;
				INFOPLIST_FILE = AudioPlayer/Info.plist;
				LD_RUNPATH_SEARCH_PATHS = (
					"$(inherited)",
					"@executable_path/Frameworks",
				);
				PRODUCT_BUNDLE_IDENTIFIER = com.Gladston.AudioPlayer;
				PRODUCT_NAME = "$(TARGET_NAME)";
				SWIFT_VERSION = 4.2;
				TARGETED_DEVICE_FAMILY = "1,2";
			};
			name = Release;
		};
		7602F3CF221D56D600B6D451 /* Debug */ = {
			isa = XCBuildConfiguration;
			buildSettings = {
				ALWAYS_EMBED_SWIFT_STANDARD_LIBRARIES = YES;
				BUNDLE_LOADER = "$(TEST_HOST)";
				CODE_SIGN_STYLE = Automatic;
				DEVELOPMENT_TEAM = 55UNRMT6U5;
				INFOPLIST_FILE = AudioPlayerTests/Info.plist;
				LD_RUNPATH_SEARCH_PATHS = (
					"$(inherited)",
					"@executable_path/Frameworks",
					"@loader_path/Frameworks",
				);
				PRODUCT_BUNDLE_IDENTIFIER = com.Gladston.AudioPlayerTests;
				PRODUCT_NAME = "$(TARGET_NAME)";
				SWIFT_VERSION = 4.2;
				TARGETED_DEVICE_FAMILY = "1,2";
				TEST_HOST = "$(BUILT_PRODUCTS_DIR)/AudioPlayer.app/AudioPlayer";
			};
			name = Debug;
		};
		7602F3D0221D56D600B6D451 /* Release */ = {
			isa = XCBuildConfiguration;
			buildSettings = {
				ALWAYS_EMBED_SWIFT_STANDARD_LIBRARIES = YES;
				BUNDLE_LOADER = "$(TEST_HOST)";
				CODE_SIGN_STYLE = Automatic;
				DEVELOPMENT_TEAM = 55UNRMT6U5;
				INFOPLIST_FILE = AudioPlayerTests/Info.plist;
				LD_RUNPATH_SEARCH_PATHS = (
					"$(inherited)",
					"@executable_path/Frameworks",
					"@loader_path/Frameworks",
				);
				PRODUCT_BUNDLE_IDENTIFIER = com.Gladston.AudioPlayerTests;
				PRODUCT_NAME = "$(TARGET_NAME)";
				SWIFT_VERSION = 4.2;
				TARGETED_DEVICE_FAMILY = "1,2";
				TEST_HOST = "$(BUILT_PRODUCTS_DIR)/AudioPlayer.app/AudioPlayer";
			};
			name = Release;
		};
		7602F3D2221D56D600B6D451 /* Debug */ = {
			isa = XCBuildConfiguration;
			buildSettings = {
				ALWAYS_EMBED_SWIFT_STANDARD_LIBRARIES = YES;
				CODE_SIGN_STYLE = Automatic;
				DEVELOPMENT_TEAM = 55UNRMT6U5;
				INFOPLIST_FILE = AudioPlayerUITests/Info.plist;
				LD_RUNPATH_SEARCH_PATHS = (
					"$(inherited)",
					"@executable_path/Frameworks",
					"@loader_path/Frameworks",
				);
				PRODUCT_BUNDLE_IDENTIFIER = com.Gladston.AudioPlayerUITests;
				PRODUCT_NAME = "$(TARGET_NAME)";
				SWIFT_VERSION = 4.2;
				TARGETED_DEVICE_FAMILY = "1,2";
				TEST_TARGET_NAME = AudioPlayer;
			};
			name = Debug;
		};
		7602F3D3221D56D600B6D451 /* Release */ = {
			isa = XCBuildConfiguration;
			buildSettings = {
				ALWAYS_EMBED_SWIFT_STANDARD_LIBRARIES = YES;
				CODE_SIGN_STYLE = Automatic;
				DEVELOPMENT_TEAM = 55UNRMT6U5;
				INFOPLIST_FILE = AudioPlayerUITests/Info.plist;
				LD_RUNPATH_SEARCH_PATHS = (
					"$(inherited)",
					"@executable_path/Frameworks",
					"@loader_path/Frameworks",
				);
				PRODUCT_BUNDLE_IDENTIFIER = com.Gladston.AudioPlayerUITests;
				PRODUCT_NAME = "$(TARGET_NAME)";
				SWIFT_VERSION = 4.2;
				TARGETED_DEVICE_FAMILY = "1,2";
				TEST_TARGET_NAME = AudioPlayer;
			};
			name = Release;
		};
/* End XCBuildConfiguration section */

/* Begin XCConfigurationList section */
		7602F39E221D56D600B6D451 /* Build configuration list for PBXProject "AudioPlayer" */ = {
			isa = XCConfigurationList;
			buildConfigurations = (
				7602F3C9221D56D600B6D451 /* Debug */,
				7602F3CA221D56D600B6D451 /* Release */,
			);
			defaultConfigurationIsVisible = 0;
			defaultConfigurationName = Release;
		};
		7602F3CB221D56D600B6D451 /* Build configuration list for PBXNativeTarget "AudioPlayer" */ = {
			isa = XCConfigurationList;
			buildConfigurations = (
				7602F3CC221D56D600B6D451 /* Debug */,
				7602F3CD221D56D600B6D451 /* Release */,
			);
			defaultConfigurationIsVisible = 0;
			defaultConfigurationName = Release;
		};
		7602F3CE221D56D600B6D451 /* Build configuration list for PBXNativeTarget "AudioPlayerTests" */ = {
			isa = XCConfigurationList;
			buildConfigurations = (
				7602F3CF221D56D600B6D451 /* Debug */,
				7602F3D0221D56D600B6D451 /* Release */,
			);
			defaultConfigurationIsVisible = 0;
			defaultConfigurationName = Release;
		};
		7602F3D1221D56D600B6D451 /* Build configuration list for PBXNativeTarget "AudioPlayerUITests" */ = {
			isa = XCConfigurationList;
			buildConfigurations = (
				7602F3D2221D56D600B6D451 /* Debug */,
				7602F3D3221D56D600B6D451 /* Release */,
			);
			defaultConfigurationIsVisible = 0;
			defaultConfigurationName = Release;
		};
/* End XCConfigurationList section */
	};
	rootObject = 7602F39B221D56D600B6D451 /* Project object */;
}
